{
  "name": "fluidtoken-hardhat-pipeline",
  "version": "1.0.0",
  "lockfileVersion": 3,
  "requires": true,
  "packages": {
    "": {
      "name": "fluidtoken-hardhat-pipeline",
      "version": "1.0.0",
      "dependencies": {
        "@openzeppelin/contracts": "^5.0.2"
      },
      "devDependencies": {
        "@nomicfoundation/hardhat-toolbox": "^4.0.0",
        "eslint": "^8.57.0",
        "hardhat": "^2.22.10",
        "solhint": "^5.0.2"
      }
    },
    "node_modules/@babel/code-frame": {
      "version": "7.24.7",
      "resolved": "https://registry.npmjs.org/@babel/code-frame/-/code-frame-7.24.7.tgz",
      "integrity": "sha512-e3G3o5K9oNxQ5/IVEmsYc6WygP2c4p3lVJ2RQ8ILIPUq2Q0f4ZDWQny+0eopmfA6pM0W0PRZ9w5dMZeYc6XqW7n0f7w==",
      "dev": true,
      "dependencies": {
        "@babel/highlight": "^7.24.7",
        "picocolors": "^1.0.0"
      },
      "engines": {
        "node": ">=6.9.0"
      }
    },
    "node_modules/@babel/helper-validator-identifier": {
      "version": "7.24.7",
      "resolved": "https://registry.npmjs.org/@babel/helper-validator-identifier/-/helper-validator-identifier-7.24.7.tgz",
      "integrity": "sha512-rR+PBcQ1SMQDDyF6X0wxtG8QyLCgUB0eRAGguqRLfkCA87l7yAP7ehq8SNj96OOGTO8OBV70KhuFYcIkHXOg0w==",
      "dev": true,
      "engines": {
        "node": ">=6.9.0"
      }
    },
    "node_modules/@babel/highlight": {
      "version": "7.24.7",
      "resolved": "https://registry.npmjs.org/@babel/highlight/-/highlight-7.24.7.tgz",
      "integrity": "sha512-2b9lFPP5S6BKL8Z9aH5N3rNY0Y8PboKkV1fVBoTkpzXJ9hZ6mW7xixcR7O0o0S2k+5X7ChR8Q3WzR5YV9g==",
      "dev": true,
      "dependencies": {
        "@babel/helper-validator-identifier": "^7.24.7",
        "chalk": "^2.4.2",
        "js-tokens": "^4.0.0",
        "picocolors": "^1.0.0"
      },
      "engines": {
        "node": ">=6.9.0"
      }
    },
    "node_modules/@ethereumjs/rlp": {
      "version": "4.0.1",
      "resolved": "https://registry.npmjs.org/@ethereumjs/rlp/-/rlp-4.0.1.tgz",
      "integrity": "sha512-tqsQiBQDQdmPWE1xkkBq4rlSW5QZpLOUJ5RJh2/9fug+q9tnUhuZoVLk7s0scUIKTOzEtR72DFBXI4WiZcMpA==",
      "dev": true,
      "bin": {
        "rlp": "bin/rlp"
      },
      "engines": {
        "node": ">=14"
      }
    },
    "node_modules/@nomicfoundation/hardhat-toolbox": {
      "version": "4.0.0",
      "resolved": "https://registry.npmjs.org/@nomicfoundation/hardhat-toolbox/-/hardhat-toolbox-4.0.0.tgz",
      "integrity": "sha512-jhcq6Idm6Rj9LAbD6t4BwCk7c8Q8oK6Iff0xU5q/0s0P2Z6sIUR4XbdB3pHGVIe+5Z5mLBX0n6E8FoyT4dCrg==",
      "dev": true,
      "dependencies": {
        "@nomicfoundation/hardhat-chai-matchers": "^2.0.0",
        "@nomicfoundation/hardhat-ethers": "^3.0.0",
        "@nomicfoundation/hardhat-network-helpers": "^1.0.0",
        "@nomicfoundation/hardhat-verify": "^2.0.0",
        "@typechain/ethers-v6": "^0.5.0",
        "@typechain/hardhat": "^9.0.0",
        "@types/chai": "^4.2.0",
        "@types/mocha": ">=9.1.0",
        "chai": "^4.2.0",
        "ethers": "^6.4.0",
        "hardhat-gas-reporter": "^1.0.8",
        "solidity-coverage": "^0.8.0",
        "ts-node": ">=8.0.0",
        "typechain": "^8.3.0"
      },
      "peerDependencies": {
        "hardhat": "^2.0.0"
      }
    },
    "node_modules/@openzeppelin/contracts": {
      "version": "5.0.2",
      "resolved": "https://registry.npmjs.org/@openzeppelin/contracts/-/contracts-5.0.2.tgz",
      "integrity": "sha512-7cWh8oF3o7jG4WgzqvaJdmjZ2MOJ5s1B4fYkC9F7pW7oQGbA6yKD7a3g/BbBNT6YfSK3T3cGVKz6hc/6dO9w=="
    },
    "node_modules/chalk": {
      "version": "2.4.2",
      "resolved": "https://registry.npmjs.org/chalk/-/chalk-2.4.2.tgz",
      "integrity": "sha512-Mti+f9lpJNcwF4tWV8/OrTTtF1gZi+f8FqlyAdouralcFWFQWF2+NgCHShjkCb+IFBLq9buZwE1xckQU4peSuQ==",
      "dev": true,
      "dependencies": {
        "ansi-styles": "^3.2.1",
        "escape-string-regexp": "^1.0.5",
        "supports-color": "^5.3.0"
      },
      "engines": {
        "node": ">=4"
      }
    },
    "node_modules/ethers": {
      "version": "6.13.2",
      "resolved": "https://registry.npmjs.org/ethers/-/ethers-6.13.2.tgz",
      "integrity": "sha512-9q7k8BRc3Y9Cttnd9El3s+jZUBSa/2G9ZZ4wJ4yDvm5Z6xZ9c4V8Y4zZgbM0VFB2/4Zsq/+Tj7FNYfH4c2w==",
      "dev": true,
      "funding": [
        {
          "type": "individual",
          "url": "https://github.com/sponsors/ethers-io/"
        },
        {
          "type": "individual",
          "url": "https://www.buymeacoffee.com/ricmoo"
        }
      ],
      "dependencies": {
        "@ethereumjs/rlp": "^4.0.1",
        "aes-js": "4.0.0-beta.5",
        "ws": "7.4.6"
      },
      "engines": {
        "node": ">=14.0.0"
      }
    },
    "node_modules/hardhat": {
      "version": "2.22.10",
      "resolved": "https://registry.npmjs.org/hardhat/-/hardhat-2.22.10.tgz",
      "integrity": "sha512-dFsbf0dWnwB6pG0kTxS4s6e3f8kqhSkc2WOc1P8+mr5dF9x0+5Yf/8y6gD0u8zU9qY6H5J8YbC6cAZW+4g==",
      "dev": true,
      "dependencies": {
        "@ethersproject/abi": "^5.7.0",
        "@ethersproject/providers": "^5.7.2",
        "@nomicfoundation/ethereumjs-block": "^5.0.1",
        "@nomicfoundation/ethereumjs-common": "^4.0.1",
        "@nomicfoundation/ethereumjs-tx": "^5.0.1",
        "@nomicfoundation/ethereumjs-util": "^9.0.1",
        "@nomicfoundation/solidity-analyzer": "^0.1.0",
        "@sentry/node": "^7.1.0",
        "ansi-escapes": "^4.3.2",
        "chalk": "^4.1.2",
        "chokidar": "^3.5.3",
        "ci-info": "^3.3.0",
        "debug": "^4.3.4",
        "enquirer": "^2.3.6",
        "env-paths": "^2.2.0",
        "ethereum-cryptography": "^2.0.0",
        "ethereumjs-abi": "^0.6.8",
        "find-up": "^5.0.0",
        "fp-ts": "1.19.3",
        "fs-extra": "^7.0.1",
        "glob": "7.2.0",
        "immutable": "^4.0.0",
        "io-ts": "1.10.4",
        "lodash": "^4.17.21",
        "mocha": "^10.0.0",
        "p-map": "^4.0.0",
        "qs": "^6.10.3",
        "raw-body": "^2.4.1",
        "semver": "^6.3.0",
        "shelljs": "^0.8.5",
        "source-map-support": "^0.5.21",
        "tsconfig-paths": "^3.14.1",
        "tsc-watch": "^6.0.4",
        "undici": "^5.14.0",
        "uuid": "^8.3.2",
        "ws": "^7.5.3"
      },
      "bin": {
        "hardhat": "bin/hardhat"
      },
      "engines": {
        "node": ">=14.0.0"
      }
    },
    "node_modules/solhint": {
      "version": "5.0.2",
      "resolved": "https://registry.npmjs.org/solhint/-/solhint-5.0.2.tgz",
      "integrity": "sha512-5tJ3l5pV5Y2n3mQjG4Z0b5iQ3rR9eK+3W5a6c2+3G8K5j6f3oZ7d9d5Z5f7wZ6Z6h8v6J8g6V8v7J7V8v7w==",
      "dev": true,
      "dependencies": {
        "@solidity-parser/parser": "^0.16.0",
        "ajv": "^6.12.6",
        "antlr4": "4.13.1",
        "commander": "^12.0.0",
        "eslint": "^8.0.0",
        "glob": "^7.1.6",
        "lodash": "^4.17.21",
        "strip-ansi": "^6.0.0"
      },
      "bin": {
        "solhint": "solhint.js"
      },
      "engines": {
        "node": ">=14.0.0"
      }
    },
    "node_modules/eslint": {
      "version": "8.57.0",
      "resolved": "https://registry.npmjs.org/eslint/-/eslint-8.57.0.tgz",
      "integrity": "sha512-dZ6+mexnaTIbSBZWgou51U6OmzIhYM2VcNdtiTtI7qPNZm35Akpr0f6vtw3w1Kmn5PYo+tZVfh13WrhpS6oLqQ==",
      "dev": true,
      "dependencies": {
        "@eslint-community/eslint-utils": "^4.2.0",
        "@eslint-community/regexpp": "^4.6.1",
        "@eslint/eslintrc": "^2.1.4",
        "@eslint/js": "8.57.0",
        "@humanwhocodes/config-array": "^0.11.14",
        "@humanwhocodes/module-importer": "^1.0.1",
        "@nodelib/fs.walk": "^1.2.8",
        "ajv": "^6.12.4",
        "chalk": "^4.0.0",
        "cross-spawn": "^7.0.2",
        "debug": "^4.3.2",
        "doctrine": "^3.0.0",
        "escape-string-regexp": "^4.0.0",
        "eslint-scope": "^7.2.2",
        "eslint-visitor-keys": "^3.4.3",
        "espree": "^9.6.1",
        "esquery": "^1.4.2",
        "esutils": "^2.0.2",
        "fast-deep-equal": "^3.1.3",
        "file-entry-cache": "^6.0.1",
        "find-up": "^5.0.0",
        "glob-parent": "^6.0.2",
        "globals": "^13.19.0",
        "graphemer": "^1.4.0",
        "ignore": "^5.2.0",
        "imurmurhash": "^0.1.4",
        "is-glob": "^4.0.0",
        "is-path-inside": "^3.0.3",
        "js-yaml": "^4.1.0",
        "json-stable-stringify-without-jsonify": "^1.0.1",
        "levn": "^0.4.1",
        "lodash.merge": "^4.6.2",
        "minimatch": "^3.1.2",
        "natural-compare": "^1.4.0",
        "optionator": "^0.9.3",
        "strip-ansi": "^6.0.1",
        "text-table": "^0.2.0"
      },
      "bin": {
        "eslint": "bin/eslint.js"
      },
      "engines": {
        "node": "^12.22.0 || ^14.17.0 || >=16.0.0"
      },
      "funding": {
        "url": "https://opencollective.com/eslint"
      }
    }
  },
  "dependencies": {
    "@babel/code-frame": {
      "version": "7.24.7",
      "dev": true
    },
    "@openzeppelin/contracts": {
      "version": "5.0.2"
    },
    "hardhat": {
      "version": "2.22.10",
      "dev": true
    },
    "solhint": {
      "version": "5.0.2",
      "dev": true
    },
    "eslint": {
      "version": "8.57.0",
      "dev": true
    }
  }
}